
Microsoft Visual Studio Solution File, Format Version 12.00
# Visual Studio Version 17
VisualStudioVersion = 17.7.34024.191
MinimumVisualStudioVersion = 10.0.40219.1
Project("{FAE04EC0-301F-11D3-BF4B-00C04F79EFBC}") = "Calcula Desconto Estatico", "Calcula Desconto Estatico\Calcula Desconto Estatico.csproj", "{A91E9EF8-D1A7-418A-9CAD-73A50F4FDC50}"
EndProject
Global
	GlobalSection(SolutionConfigurationPlatforms) = preSolution
		Debug|Any CPU = Debug|Any CPU
		Release|Any CPU = Release|Any CPU
	EndGlobalSection
	GlobalSection(ProjectConfigurationPlatforms) = postSolution
		{A91E9EF8-D1A7-418A-9CAD-73A50F4FDC50}.Debug|Any CPU.ActiveCfg = Debug|Any CPU
		{A91E9EF8-D1A7-418A-9CAD-73A50F4FDC50}.Debug|Any CPU.Build.0 = Debug|Any CPU
		{A91E9EF8-D1A7-418A-9CAD-73A50F4FDC50}.Release|Any CPU.ActiveCfg = Release|Any CPU
		{A91E9EF8-D1A7-418A-9CAD-73A50F4FDC50}.Release|Any CPU.Build.0 = Release|Any CPU
	EndGlobalSection
	GlobalSection(SolutionProperties) = preSolution
		HideSolutionNode = FALSE
	EndGlobalSection
	GlobalSection(ExtensibilityGlobals) = postSolution
		SolutionGuid = {4DD557EF-8B83-47A0-BC33-C197FE6110AC}
	EndGlobalSection
EndGlobal
